
Microsoft Visual Studio Solution File, Format Version 12.00
# Visual Studio Version 17
VisualStudioVersion = 17.8.34511.84
MinimumVisualStudioVersion = 10.0.40219.1
Project("{9A19103F-16F7-4668-BE54-9A1E7A4F7556}") = "YetAnotherFishingMod", "src\mods\YetAnotherFishingMod\YetAnotherFishingMod.csproj", "{85FC1C47-2272-4DAA-BD42-0E87BD6D883D}"
EndProject
Project("{9A19103F-16F7-4668-BE54-9A1E7A4F7556}") = "YetAnotherTimeMod", "src\mods\YetAnotherTimeMod\YetAnotherTimeMod.csproj", "{27F6F3ED-0FE0-4C85-802A-C19C61E4E802}"
EndProject
Project("{D954291E-2A0B-460D-934E-DC6B0785DB48}") = "Common", "src\shared\Common\Common.shproj", "{399EE2CB-FC83-44E1-9820-78C0F29AA2BF}"
EndProject
Project("{9A19103F-16F7-4668-BE54-9A1E7A4F7556}") = "LittleHelpersCore", "src\mods\LittleHelpers\LittleHelpersCore\LittleHelpersCore.csproj", "{3D3403AE-BFF8-48DB-8FA0-2DEF6E37440F}"
EndProject
Project("{9A19103F-16F7-4668-BE54-9A1E7A4F7556}") = "SelfServe", "src\mods\SelfServe\SelfServe.csproj", "{D29F6B85-A49C-488F-A7D3-982EDAB63687}"
EndProject
Project("{FAE04EC0-301F-11D3-BF4B-00C04F79EFBC}") = "NoStaminaWasted", "src\mods\NoStaminaWasted\NoStaminaWasted.csproj", "{EF5B9C6B-0071-4747-B2DD-65FFD93F47EF}"
EndProject
Project("{9A19103F-16F7-4668-BE54-9A1E7A4F7556}") = "SmapiMod", "templates\SmapiMod\SmapiMod.csproj", "{F5DC03BA-134E-4C9D-B452-0AEE31438B60}"
EndProject
Project("{9A19103F-16F7-4668-BE54-9A1E7A4F7556}") = "TelevisionFramework", "src\mods\TelevisionFramework\TelevisionFramework.csproj", "{F272B2B4-3999-4C20-AC0E-6C2EDD49AD1B}"
EndProject
Project("{2150E333-8FDC-42A3-9474-1A3956D46DE8}") = "Shared", "Shared", "{B4DC5E43-9BFF-476A-9D98-B22D88B3BE3B}"
EndProject
Project("{2150E333-8FDC-42A3-9474-1A3956D46DE8}") = ".root", ".root", "{A264D708-55DE-48A2-B272-F4276BF98C9B}"
	ProjectSection(SolutionItems) = preProject
		.editorconfig = .editorconfig
		.gitattributes = .gitattributes
		.gitignore = .gitignore
		.github\CONTRIBUTING.md = .github\CONTRIBUTING.md
		Directory.Build.props = Directory.Build.props
		Directory.Packages.props = Directory.Packages.props
		LICENSE = LICENSE
		README.md = README.md
		stylecop.json = stylecop.json
		.github\SUPPORT.md = .github\SUPPORT.md
	EndProjectSection
EndProject
Project("{2150E333-8FDC-42A3-9474-1A3956D46DE8}") = "Tests", "Tests", "{F70DCCEC-3F94-4C5C-B58D-F42DAFC11547}"
EndProject
Project("{2150E333-8FDC-42A3-9474-1A3956D46DE8}") = "Templates", "Templates", "{E92FEADD-592F-43FD-8F6C-56BC47EE4E86}"
	ProjectSection(SolutionItems) = preProject
		templates\Directory.Build.props = templates\Directory.Build.props
	EndProjectSection
EndProject
Project("{2150E333-8FDC-42A3-9474-1A3956D46DE8}") = "Tools", "Tools", "{346A2C4A-B31F-4B35-A7F0-28E14AD30B60}"
EndProject
Project("{FAE04EC0-301F-11D3-BF4B-00C04F79EFBC}") = "ModTranslationClassBuilder", "..\SMAPI-ModTranslationClassBuilder\ModTranslationClassBuilder\ModTranslationClassBuilder.csproj", "{9A91F9CD-8459-4114-89BC-6BC030200D50}"
EndProject
Project("{2150E333-8FDC-42A3-9474-1A3956D46DE8}") = "mods", "mods", "{50858356-D06C-4F87-8898-578FEA517AC4}"
	ProjectSection(SolutionItems) = preProject
		src\mods\Directory.Build.props = src\mods\Directory.Build.props
	EndProjectSection
EndProject
Project("{2150E333-8FDC-42A3-9474-1A3956D46DE8}") = "i18n", "i18n", "{6192BE3B-D729-446D-9E70-3D55A47B092E}"
	ProjectSection(SolutionItems) = preProject
		src\shared\i18n\default\common.json = src\shared\i18n\default\common.json
	EndProjectSection
EndProject
Global
	GlobalSection(SolutionConfigurationPlatforms) = preSolution
		Debug|Any CPU = Debug|Any CPU
		Release|Any CPU = Release|Any CPU
	EndGlobalSection
	GlobalSection(ProjectConfigurationPlatforms) = postSolution
		{85FC1C47-2272-4DAA-BD42-0E87BD6D883D}.Debug|Any CPU.ActiveCfg = Debug|Any CPU
		{85FC1C47-2272-4DAA-BD42-0E87BD6D883D}.Debug|Any CPU.Build.0 = Debug|Any CPU
		{85FC1C47-2272-4DAA-BD42-0E87BD6D883D}.Release|Any CPU.ActiveCfg = Release|Any CPU
		{85FC1C47-2272-4DAA-BD42-0E87BD6D883D}.Release|Any CPU.Build.0 = Release|Any CPU
		{27F6F3ED-0FE0-4C85-802A-C19C61E4E802}.Debug|Any CPU.ActiveCfg = Debug|Any CPU
		{27F6F3ED-0FE0-4C85-802A-C19C61E4E802}.Debug|Any CPU.Build.0 = Debug|Any CPU
		{27F6F3ED-0FE0-4C85-802A-C19C61E4E802}.Release|Any CPU.ActiveCfg = Release|Any CPU
		{27F6F3ED-0FE0-4C85-802A-C19C61E4E802}.Release|Any CPU.Build.0 = Release|Any CPU
		{3D3403AE-BFF8-48DB-8FA0-2DEF6E37440F}.Debug|Any CPU.ActiveCfg = Debug|Any CPU
		{3D3403AE-BFF8-48DB-8FA0-2DEF6E37440F}.Debug|Any CPU.Build.0 = Debug|Any CPU
		{3D3403AE-BFF8-48DB-8FA0-2DEF6E37440F}.Release|Any CPU.ActiveCfg = Release|Any CPU
		{3D3403AE-BFF8-48DB-8FA0-2DEF6E37440F}.Release|Any CPU.Build.0 = Release|Any CPU
		{D29F6B85-A49C-488F-A7D3-982EDAB63687}.Debug|Any CPU.ActiveCfg = Debug|Any CPU
		{D29F6B85-A49C-488F-A7D3-982EDAB63687}.Debug|Any CPU.Build.0 = Debug|Any CPU
		{D29F6B85-A49C-488F-A7D3-982EDAB63687}.Release|Any CPU.ActiveCfg = Release|Any CPU
		{D29F6B85-A49C-488F-A7D3-982EDAB63687}.Release|Any CPU.Build.0 = Release|Any CPU
		{EF5B9C6B-0071-4747-B2DD-65FFD93F47EF}.Debug|Any CPU.ActiveCfg = Debug|Any CPU
		{EF5B9C6B-0071-4747-B2DD-65FFD93F47EF}.Debug|Any CPU.Build.0 = Debug|Any CPU
		{EF5B9C6B-0071-4747-B2DD-65FFD93F47EF}.Release|Any CPU.ActiveCfg = Release|Any CPU
		{EF5B9C6B-0071-4747-B2DD-65FFD93F47EF}.Release|Any CPU.Build.0 = Release|Any CPU
		{F5DC03BA-134E-4C9D-B452-0AEE31438B60}.Debug|Any CPU.ActiveCfg = Debug|Any CPU
		{F5DC03BA-134E-4C9D-B452-0AEE31438B60}.Release|Any CPU.ActiveCfg = Release|Any CPU
		{F5DC03BA-134E-4C9D-B452-0AEE31438B60}.Release|Any CPU.Build.0 = Release|Any CPU
		{F272B2B4-3999-4C20-AC0E-6C2EDD49AD1B}.Debug|Any CPU.ActiveCfg = Debug|Any CPU
		{F272B2B4-3999-4C20-AC0E-6C2EDD49AD1B}.Debug|Any CPU.Build.0 = Debug|Any CPU
		{F272B2B4-3999-4C20-AC0E-6C2EDD49AD1B}.Release|Any CPU.ActiveCfg = Release|Any CPU
		{F272B2B4-3999-4C20-AC0E-6C2EDD49AD1B}.Release|Any CPU.Build.0 = Release|Any CPU
		{9A91F9CD-8459-4114-89BC-6BC030200D50}.Debug|Any CPU.ActiveCfg = Debug|Any CPU
		{9A91F9CD-8459-4114-89BC-6BC030200D50}.Debug|Any CPU.Build.0 = Debug|Any CPU
		{9A91F9CD-8459-4114-89BC-6BC030200D50}.Release|Any CPU.ActiveCfg = Release|Any CPU
		{9A91F9CD-8459-4114-89BC-6BC030200D50}.Release|Any CPU.Build.0 = Release|Any CPU
	EndGlobalSection
	GlobalSection(NestedProjects) = preSolution
		{399EE2CB-FC83-44E1-9820-78C0F29AA2BF} = {B4DC5E43-9BFF-476A-9D98-B22D88B3BE3B}
		{F5DC03BA-134E-4C9D-B452-0AEE31438B60} = {E92FEADD-592F-43FD-8F6C-56BC47EE4E86}
		{9A91F9CD-8459-4114-89BC-6BC030200D50} = {346A2C4A-B31F-4B35-A7F0-28E14AD30B60}
		{50858356-D06C-4F87-8898-578FEA517AC4} = {A264D708-55DE-48A2-B272-F4276BF98C9B}
		{6192BE3B-D729-446D-9E70-3D55A47B092E} = {B4DC5E43-9BFF-476A-9D98-B22D88B3BE3B}
	EndGlobalSection
EndGlobal
